
Microsoft Visual Studio Solution File, Format Version 12.00
# Visual Studio 14
VisualStudioVersion = 14.0.25420.1
MinimumVisualStudioVersion = 10.0.40219.1
Project("{FAE04EC0-301F-11D3-BF4B-00C04F79EFBC}") = "TimeLoggerProj", "TimeLoggerProj\TimeLoggerProj.csproj", "{356910ED-D435-40EF-9B4B-2287A4DA243F}"
EndProject
Project("{FAE04EC0-301F-11D3-BF4B-00C04F79EFBC}") = "TimeLoggerProj.UnitTests", "TimeLoggerProj.UnitTests\TimeLoggerProj.UnitTests.csproj", "{8B9574FF-A885-487B-A6C9-F1B1602E2F1E}"
EndProject
Global
	GlobalSection(SolutionConfigurationPlatforms) = preSolution
		Debug|Any CPU = Debug|Any CPU
		Release|Any CPU = Release|Any CPU
	EndGlobalSection
	GlobalSection(ProjectConfigurationPlatforms) = postSolution
		{356910ED-D435-40EF-9B4B-2287A4DA243F}.Debug|Any CPU.ActiveCfg = Debug|Any CPU
		{356910ED-D435-40EF-9B4B-2287A4DA243F}.Debug|Any CPU.Build.0 = Debug|Any CPU
		{356910ED-D435-40EF-9B4B-2287A4DA243F}.Release|Any CPU.ActiveCfg = Release|Any CPU
		{356910ED-D435-40EF-9B4B-2287A4DA243F}.Release|Any CPU.Build.0 = Release|Any CPU
		{8B9574FF-A885-487B-A6C9-F1B1602E2F1E}.Debug|Any CPU.ActiveCfg = Debug|Any CPU
		{8B9574FF-A885-487B-A6C9-F1B1602E2F1E}.Debug|Any CPU.Build.0 = Debug|Any CPU
		{8B9574FF-A885-487B-A6C9-F1B1602E2F1E}.Release|Any CPU.ActiveCfg = Release|Any CPU
		{8B9574FF-A885-487B-A6C9-F1B1602E2F1E}.Release|Any CPU.Build.0 = Release|Any CPU
	EndGlobalSection
	GlobalSection(SolutionProperties) = preSolution
		HideSolutionNode = FALSE
	EndGlobalSection
EndGlobal
