
Microsoft Visual Studio Solution File, Format Version 12.00
# Visual Studio 14
VisualStudioVersion = 14.0.25123.0
MinimumVisualStudioVersion = 10.0.40219.1
Project("{FAE04EC0-301F-11D3-BF4B-00C04F79EFBC}") = "LogAn", "LogAn.csproj", "{8FF10D0D-6735-4ADF-9C66-53591AEA9F19}"
EndProject
Project("{FAE04EC0-301F-11D3-BF4B-00C04F79EFBC}") = "LogAn.UnitTests", "..\LogAn.UnitTests\LogAn.UnitTests.csproj", "{B6355BE5-13A9-4EAF-B8B9-230CC7771EF5}"
EndProject
Global
	GlobalSection(SolutionConfigurationPlatforms) = preSolution
		Debug|Any CPU = Debug|Any CPU
		Release|Any CPU = Release|Any CPU
	EndGlobalSection
	GlobalSection(ProjectConfigurationPlatforms) = postSolution
		{8FF10D0D-6735-4ADF-9C66-53591AEA9F19}.Debug|Any CPU.ActiveCfg = Debug|Any CPU
		{8FF10D0D-6735-4ADF-9C66-53591AEA9F19}.Debug|Any CPU.Build.0 = Debug|Any CPU
		{8FF10D0D-6735-4ADF-9C66-53591AEA9F19}.Release|Any CPU.ActiveCfg = Release|Any CPU
		{8FF10D0D-6735-4ADF-9C66-53591AEA9F19}.Release|Any CPU.Build.0 = Release|Any CPU
		{B6355BE5-13A9-4EAF-B8B9-230CC7771EF5}.Debug|Any CPU.ActiveCfg = Debug|Any CPU
		{B6355BE5-13A9-4EAF-B8B9-230CC7771EF5}.Debug|Any CPU.Build.0 = Debug|Any CPU
		{B6355BE5-13A9-4EAF-B8B9-230CC7771EF5}.Release|Any CPU.ActiveCfg = Release|Any CPU
		{B6355BE5-13A9-4EAF-B8B9-230CC7771EF5}.Release|Any CPU.Build.0 = Release|Any CPU
	EndGlobalSection
	GlobalSection(SolutionProperties) = preSolution
		HideSolutionNode = FALSE
	EndGlobalSection
EndGlobal
