
Microsoft Visual Studio Solution File, Format Version 12.00
# Visual Studio 14
VisualStudioVersion = 14.0.25123.0
MinimumVisualStudioVersion = 10.0.40219.1
Project("{FAE04EC0-301F-11D3-BF4B-00C04F79EFBC}") = "Events", "Events.csproj", "{91BCB65C-8D5F-4DB5-B2FC-3588BA94074E}"
EndProject
Project("{FAE04EC0-301F-11D3-BF4B-00C04F79EFBC}") = "Events.UnitTests", "..\Events.UnitTests\Events.UnitTests.csproj", "{8B9851DA-D74C-45FA-BFA4-CD0E1F07E5F2}"
EndProject
Global
	GlobalSection(SolutionConfigurationPlatforms) = preSolution
		Debug|Any CPU = Debug|Any CPU
		Release|Any CPU = Release|Any CPU
	EndGlobalSection
	GlobalSection(ProjectConfigurationPlatforms) = postSolution
		{91BCB65C-8D5F-4DB5-B2FC-3588BA94074E}.Debug|Any CPU.ActiveCfg = Debug|Any CPU
		{91BCB65C-8D5F-4DB5-B2FC-3588BA94074E}.Debug|Any CPU.Build.0 = Debug|Any CPU
		{91BCB65C-8D5F-4DB5-B2FC-3588BA94074E}.Release|Any CPU.ActiveCfg = Release|Any CPU
		{91BCB65C-8D5F-4DB5-B2FC-3588BA94074E}.Release|Any CPU.Build.0 = Release|Any CPU
		{8B9851DA-D74C-45FA-BFA4-CD0E1F07E5F2}.Debug|Any CPU.ActiveCfg = Debug|Any CPU
		{8B9851DA-D74C-45FA-BFA4-CD0E1F07E5F2}.Debug|Any CPU.Build.0 = Debug|Any CPU
		{8B9851DA-D74C-45FA-BFA4-CD0E1F07E5F2}.Release|Any CPU.ActiveCfg = Release|Any CPU
		{8B9851DA-D74C-45FA-BFA4-CD0E1F07E5F2}.Release|Any CPU.Build.0 = Release|Any CPU
	EndGlobalSection
	GlobalSection(SolutionProperties) = preSolution
		HideSolutionNode = FALSE
	EndGlobalSection
EndGlobal
